// !$*UTF8*$!
{
	archiveVersion = 1;
	classes = {
	};
	objectVersion = 46;
	objects = {

/* Begin PBXBuildFile section */
		0F0A2A3E1B6EC19D00628ED7 /* TFPZeroBedOperation.m in Sources */ = {isa = PBXBuildFile; fileRef = 0F974CC81B6995FC00376C8B /* TFPZeroBedOperation.m */; };
		0F1AF3B11B6DB17300E92E24 /* TFPZeroHeadViewController.m in Sources */ = {isa = PBXBuildFile; fileRef = 0F1AF3B01B6DB17300E92E24 /* TFPZeroHeadViewController.m */; };
		0F974CCA1B6995FC00376C8B /* TFPZeroBedOperation.m in Sources */ = {isa = PBXBuildFile; fileRef = 0F974CC81B6995FC00376C8B /* TFPZeroBedOperation.m */; };
		0FF4B2341B6E6BCE006EE30B /* TFPCalibrationViewController.m in Sources */ = {isa = PBXBuildFile; fileRef = 0FF4B2331B6E6BCE006EE30B /* TFPCalibrationViewController.m */; };
		C90072AE1B3BF6660097594F /* TFPPrintJob.m in Sources */ = {isa = PBXBuildFile; fileRef = C90072AD1B3BF6660097594F /* TFPPrintJob.m */; };
		C90072B11B3C51F20097594F /* TFStringScanner.m in Sources */ = {isa = PBXBuildFile; fileRef = C90072B01B3C51F20097594F /* TFStringScanner.m */; };
		C92B59DF1B40205F00F38FA7 /* TFPCLIController.m in Sources */ = {isa = PBXBuildFile; fileRef = C92B59DE1B40205F00F38FA7 /* TFPCLIController.m */; };
		C92B59E21B40252900F38FA7 /* TFPExtrusionOperation.m in Sources */ = {isa = PBXBuildFile; fileRef = C92B59E11B40252900F38FA7 /* TFPExtrusionOperation.m */; };
		C92B59E51B40272600F38FA7 /* TFPRaiseHeadOperation.m in Sources */ = {isa = PBXBuildFile; fileRef = C92B59E41B40272600F38FA7 /* TFPRaiseHeadOperation.m */; };
		C931657E1B86027100169A88 /* TFPBedLevelCompensator.m in Sources */ = {isa = PBXBuildFile; fileRef = C931657D1B86027100169A88 /* TFPBedLevelCompensator.m */; };
		C931657F1B86027100169A88 /* TFPBedLevelCompensator.m in Sources */ = {isa = PBXBuildFile; fileRef = C931657D1B86027100169A88 /* TFPBedLevelCompensator.m */; };
		C94469531B68E3C2008820F4 /* TFPPrinterConnection.m in Sources */ = {isa = PBXBuildFile; fileRef = C94469521B68E3C2008820F4 /* TFPPrinterConnection.m */; };
		C94469541B68E3C2008820F4 /* TFPPrinterConnection.m in Sources */ = {isa = PBXBuildFile; fileRef = C94469521B68E3C2008820F4 /* TFPPrinterConnection.m */; };
		C94469571B6A7297008820F4 /* TFPConsoleViewController.m in Sources */ = {isa = PBXBuildFile; fileRef = C94469561B6A7297008820F4 /* TFPConsoleViewController.m */; };
		C944695A1B6A7669008820F4 /* TFPPrinterListCollectionView.m in Sources */ = {isa = PBXBuildFile; fileRef = C94469591B6A7669008820F4 /* TFPPrinterListCollectionView.m */; };
		C94469631B6E6E4C008820F4 /* TFPPrinterHelpers.m in Sources */ = {isa = PBXBuildFile; fileRef = C94469621B6E6E4C008820F4 /* TFPPrinterHelpers.m */; };
		C94469641B6E6E4C008820F4 /* TFPPrinterHelpers.m in Sources */ = {isa = PBXBuildFile; fileRef = C94469621B6E6E4C008820F4 /* TFPPrinterHelpers.m */; };
		C94469A81B769E49008820F4 /* TFPVisualPrintProgressView.m in Sources */ = {isa = PBXBuildFile; fileRef = C94469A71B769E49008820F4 /* TFPVisualPrintProgressView.m */; };
		C94469AB1B77DED4008820F4 /* TFAsyncOperationCoalescer.m in Sources */ = {isa = PBXBuildFile; fileRef = C94469AA1B77DED4008820F4 /* TFAsyncOperationCoalescer.m */; };
		C94469AC1B77DEDB008820F4 /* TFAsyncOperationCoalescer.m in Sources */ = {isa = PBXBuildFile; fileRef = C94469AA1B77DED4008820F4 /* TFAsyncOperationCoalescer.m */; };
		C94469B01B79382F008820F4 /* TFPStopwatch.m in Sources */ = {isa = PBXBuildFile; fileRef = C94469AF1B79382F008820F4 /* TFPStopwatch.m */; };
		C94469B11B79382F008820F4 /* TFPStopwatch.m in Sources */ = {isa = PBXBuildFile; fileRef = C94469AF1B79382F008820F4 /* TFPStopwatch.m */; };
		C94F60161B3815290074EC41 /* TFPPrintParameters.m in Sources */ = {isa = PBXBuildFile; fileRef = C94F60151B3815290074EC41 /* TFPPrintParameters.m */; };
		C95F10A21B53E3E200F396B6 /* TFPApplicationDelegate.m in Sources */ = {isa = PBXBuildFile; fileRef = C95F10A11B53E3E200F396B6 /* TFPApplicationDelegate.m */; };
		C95F10A41B53E3E200F396B6 /* main.m in Sources */ = {isa = PBXBuildFile; fileRef = C95F10A31B53E3E200F396B6 /* main.m */; };
		C95F10A71B53E3E200F396B6 /* TFPPrinterListViewController.m in Sources */ = {isa = PBXBuildFile; fileRef = C95F10A61B53E3E200F396B6 /* TFPPrinterListViewController.m */; };
		C95F10A91B53E3E200F396B6 /* Images.xcassets in Resources */ = {isa = PBXBuildFile; fileRef = C95F10A81B53E3E200F396B6 /* Images.xcassets */; };
		C95F10AC1B53E3E200F396B6 /* Main.storyboard in Resources */ = {isa = PBXBuildFile; fileRef = C95F10AA1B53E3E200F396B6 /* Main.storyboard */; };
		C95F10BF1B53EBC100F396B6 /* TFPPrinter.m in Sources */ = {isa = PBXBuildFile; fileRef = C9FD1C5F1B39618300F98FF1 /* TFPPrinter.m */; };
		C95F10C01B53EBC400F396B6 /* TFPPrinterManager.m in Sources */ = {isa = PBXBuildFile; fileRef = C9FD1C581B395FD000F98FF1 /* TFPPrinterManager.m */; };
		C95F10C11B53EBC600F396B6 /* TFPDryRunPrinter.m in Sources */ = {isa = PBXBuildFile; fileRef = C99E87241B3AB4CD0099E79E /* TFPDryRunPrinter.m */; };
		C95F10C21B53EBC900F396B6 /* TFPPrintParameters.m in Sources */ = {isa = PBXBuildFile; fileRef = C94F60151B3815290074EC41 /* TFPPrintParameters.m */; };
		C95F10C31B53EBCB00F396B6 /* TFPFilament.m in Sources */ = {isa = PBXBuildFile; fileRef = C9C729E01B516DA900277F1F /* TFPFilament.m */; };
		C95F10C41B53EBD000F396B6 /* TFPExtras.m in Sources */ = {isa = PBXBuildFile; fileRef = C9E59B761B316F0D00343D58 /* TFPExtras.m */; };
		C95F10C51B53EBD300F396B6 /* TFP3DVector.m in Sources */ = {isa = PBXBuildFile; fileRef = C9E59B8F1B31838000343D58 /* TFP3DVector.m */; };
		C95F10C61B53EBDE00F396B6 /* TFDataBuilder.m in Sources */ = {isa = PBXBuildFile; fileRef = C9FD1C451B3831F800F98FF1 /* TFDataBuilder.m */; };
		C95F10C71B53EBDE00F396B6 /* TFStringScanner.m in Sources */ = {isa = PBXBuildFile; fileRef = C90072B01B3C51F20097594F /* TFStringScanner.m */; };
		C95F10C81B53EBDE00F396B6 /* MAKVONotificationCenter.m in Sources */ = {isa = PBXBuildFile; fileRef = C9FD1C5C1B39602000F98FF1 /* MAKVONotificationCenter.m */; };
		C95F10C91B53EBE300F396B6 /* ORSSerialPort.m in Sources */ = {isa = PBXBuildFile; fileRef = C9FD1C4E1B395E9600F98FF1 /* ORSSerialPort.m */; };
		C95F10CA1B53EBE300F396B6 /* ORSSerialPortManager.m in Sources */ = {isa = PBXBuildFile; fileRef = C9FD1C501B395E9600F98FF1 /* ORSSerialPortManager.m */; };
		C95F10CB1B53EBE300F396B6 /* ORSSerialRequest.m in Sources */ = {isa = PBXBuildFile; fileRef = C9FD1C551B395EBE00F98FF1 /* ORSSerialRequest.m */; };
		C95F10CC1B53EBEF00F396B6 /* TFPGCodeProgram.m in Sources */ = {isa = PBXBuildFile; fileRef = C9E59B791B31700B00343D58 /* TFPGCodeProgram.m */; };
		C95F10CD1B53EBEF00F396B6 /* TFPGCode.m in Sources */ = {isa = PBXBuildFile; fileRef = C9E59B731B316BE800343D58 /* TFPGCode.m */; };
		C95F10CE1B53EBEF00F396B6 /* TFPGCodeHelpers.m in Sources */ = {isa = PBXBuildFile; fileRef = C9C729F01B53BEA900277F1F /* TFPGCodeHelpers.m */; };
		C95F11031B54004100F396B6 /* TFPGCodeDocument.m in Sources */ = {isa = PBXBuildFile; fileRef = C95F11021B54004100F396B6 /* TFPGCodeDocument.m */; };
		C95F11061B5403FA00F396B6 /* TFPPrintSettingsViewController.m in Sources */ = {isa = PBXBuildFile; fileRef = C95F11051B5403FA00F396B6 /* TFPPrintSettingsViewController.m */; };
		C95F110F1B54108400F396B6 /* TFPOperation.m in Sources */ = {isa = PBXBuildFile; fileRef = C9C729E31B5177A700277F1F /* TFPOperation.m */; };
		C95F11101B54108400F396B6 /* TFPPrintJob.m in Sources */ = {isa = PBXBuildFile; fileRef = C90072AD1B3BF6660097594F /* TFPPrintJob.m */; };
		C95F11121B54108400F396B6 /* TFPExtrusionOperation.m in Sources */ = {isa = PBXBuildFile; fileRef = C92B59E11B40252900F38FA7 /* TFPExtrusionOperation.m */; };
		C95F11131B54108400F396B6 /* TFPRaiseHeadOperation.m in Sources */ = {isa = PBXBuildFile; fileRef = C92B59E41B40272600F38FA7 /* TFPRaiseHeadOperation.m */; };
		C95F11141B54108400F396B6 /* TFPGCodeConsoleOperation.m in Sources */ = {isa = PBXBuildFile; fileRef = C991C31C1B4DA676005846B9 /* TFPGCodeConsoleOperation.m */; };
		C95F11161B54108400F396B6 /* TFPBedLevelCalibration.m in Sources */ = {isa = PBXBuildFile; fileRef = C9C729E61B51D08800277F1F /* TFPBedLevelCalibration.m */; };
		C95F11191B55183100F396B6 /* TFPPrintingProgressViewController.m in Sources */ = {isa = PBXBuildFile; fileRef = C95F11181B55183100F396B6 /* TFPPrintingProgressViewController.m */; };
		C95F111C1B552AEE00F396B6 /* TFPUIExtras.m in Sources */ = {isa = PBXBuildFile; fileRef = C95F111B1B552AEE00F396B6 /* TFPUIExtras.m */; };
		C95F111F1B5536D200F396B6 /* TFPPrinterCollectionViewItem.m in Sources */ = {isa = PBXBuildFile; fileRef = C95F111E1B5536D200F396B6 /* TFPPrinterCollectionViewItem.m */; };
		C95F11221B55443500F396B6 /* TFPPrinterOperationsViewController.m in Sources */ = {isa = PBXBuildFile; fileRef = C95F11211B55443500F396B6 /* TFPPrinterOperationsViewController.m */; };
		C96776DE1B565A2B00D2D6CB /* TFPPrintStatusController.m in Sources */ = {isa = PBXBuildFile; fileRef = C96776DD1B565A2B00D2D6CB /* TFPPrintStatusController.m */; };
		C96776E11B565BC600D2D6CB /* TFTimer.m in Sources */ = {isa = PBXBuildFile; fileRef = C96776DF1B565BC600D2D6CB /* TFTimer.m */; };
		C96776E21B565BC600D2D6CB /* TFTimer.m in Sources */ = {isa = PBXBuildFile; fileRef = C96776DF1B565BC600D2D6CB /* TFTimer.m */; };
		C96776E31B5662D900D2D6CB /* TFPPrintStatusController.m in Sources */ = {isa = PBXBuildFile; fileRef = C96776DD1B565A2B00D2D6CB /* TFPPrintStatusController.m */; };
		C9901DCD1B9475CE00724F1A /* TFPApplicationDebug.m in Sources */ = {isa = PBXBuildFile; fileRef = C9901DCC1B9475CE00724F1A /* TFPApplicationDebug.m */; };
		C991C31D1B4DA676005846B9 /* TFPGCodeConsoleOperation.m in Sources */ = {isa = PBXBuildFile; fileRef = C991C31C1B4DA676005846B9 /* TFPGCodeConsoleOperation.m */; };
		C99942C91B8B565500627E99 /* TFPDryRunPrinterConnection.m in Sources */ = {isa = PBXBuildFile; fileRef = C99942C81B8B565500627E99 /* TFPDryRunPrinterConnection.m */; };
		C99942CA1B8B565500627E99 /* TFPDryRunPrinterConnection.m in Sources */ = {isa = PBXBuildFile; fileRef = C99942C81B8B565500627E99 /* TFPDryRunPrinterConnection.m */; };
		C99E871F1B3AA56D0099E79E /* GBCommandLineParser.m in Sources */ = {isa = PBXBuildFile; fileRef = C99E87181B3AA56D0099E79E /* GBCommandLineParser.m */; };
		C99E87201B3AA56D0099E79E /* GBOptionsHelper.m in Sources */ = {isa = PBXBuildFile; fileRef = C99E871A1B3AA56D0099E79E /* GBOptionsHelper.m */; };
		C99E87211B3AA56D0099E79E /* GBPrint.m in Sources */ = {isa = PBXBuildFile; fileRef = C99E871C1B3AA56D0099E79E /* GBPrint.m */; };
		C99E87221B3AA56D0099E79E /* GBSettings.m in Sources */ = {isa = PBXBuildFile; fileRef = C99E871E1B3AA56D0099E79E /* GBSettings.m */; };
		C99E87251B3AB4CD0099E79E /* TFPDryRunPrinter.m in Sources */ = {isa = PBXBuildFile; fileRef = C99E87241B3AB4CD0099E79E /* TFPDryRunPrinter.m */; };
		C9B940DE1B5E5DFB00E42864 /* MicroPrint.sdef in Resources */ = {isa = PBXBuildFile; fileRef = C9B940DD1B5E5DFB00E42864 /* MicroPrint.sdef */; };
		C9B940E11B5E641D00E42864 /* TFPAppleScriptSupport.m in Sources */ = {isa = PBXBuildFile; fileRef = C9B940E01B5E641D00E42864 /* TFPAppleScriptSupport.m */; };
		C9B940EB1B61008700E42864 /* libz.dylib in Frameworks */ = {isa = PBXBuildFile; fileRef = C9B940EA1B61008700E42864 /* libz.dylib */; };
		C9B940EC1B61014600E42864 /* libz.dylib in Frameworks */ = {isa = PBXBuildFile; fileRef = C9B940EA1B61008700E42864 /* libz.dylib */; };
		C9B940F21B61139B00E42864 /* TFPScriptManager.m in Sources */ = {isa = PBXBuildFile; fileRef = C9B940F11B61139B00E42864 /* TFPScriptManager.m */; };
		C9C729E11B516DA900277F1F /* TFPFilament.m in Sources */ = {isa = PBXBuildFile; fileRef = C9C729E01B516DA900277F1F /* TFPFilament.m */; };
		C9C729E41B5177A700277F1F /* TFPOperation.m in Sources */ = {isa = PBXBuildFile; fileRef = C9C729E31B5177A700277F1F /* TFPOperation.m */; };
		C9C729E71B51D08800277F1F /* TFPBedLevelCalibration.m in Sources */ = {isa = PBXBuildFile; fileRef = C9C729E61B51D08800277F1F /* TFPBedLevelCalibration.m */; };
		C9C729F11B53BEA900277F1F /* TFPGCodeHelpers.m in Sources */ = {isa = PBXBuildFile; fileRef = C9C729F01B53BEA900277F1F /* TFPGCodeHelpers.m */; };
		C9C871A61B57B1270063FACB /* TFPPrinter+VirtualEEPROM.m in Sources */ = {isa = PBXBuildFile; fileRef = C9C871A51B57B1270063FACB /* TFPPrinter+VirtualEEPROM.m */; };
		C9C871A71B57B1270063FACB /* TFPPrinter+VirtualEEPROM.m in Sources */ = {isa = PBXBuildFile; fileRef = C9C871A51B57B1270063FACB /* TFPPrinter+VirtualEEPROM.m */; };
		C9C871AB1B58298E0063FACB /* TFPBedLevelSettingsViewController.m in Sources */ = {isa = PBXBuildFile; fileRef = C9C871A91B58298D0063FACB /* TFPBedLevelSettingsViewController.m */; };
		C9C871B01B582F340063FACB /* TFPBacklashSettingsViewController.m in Sources */ = {isa = PBXBuildFile; fileRef = C9C871AE1B582F340063FACB /* TFPBacklashSettingsViewController.m */; };
		C9C871BB1B5AD2070063FACB /* TFPBedLevelCalibrationViewController.m in Sources */ = {isa = PBXBuildFile; fileRef = C9C871BA1B5AD2070063FACB /* TFPBedLevelCalibrationViewController.m */; };
		C9CEF7D61B7E404700D7A750 /* Sparkle.framework in Frameworks */ = {isa = PBXBuildFile; fileRef = C9CEF7D51B7E404700D7A750 /* Sparkle.framework */; };
		C9CEF7D81B7E408200D7A750 /* Sparkle.framework in Copy Frameworks */ = {isa = PBXBuildFile; fileRef = C9CEF7D51B7E404700D7A750 /* Sparkle.framework */; settings = {ATTRIBUTES = (CodeSignOnCopy, RemoveHeadersOnCopy, ); }; };
		C9E59B6C1B316AF400343D58 /* main.m in Sources */ = {isa = PBXBuildFile; fileRef = C9E59B6B1B316AF400343D58 /* main.m */; };
		C9E59B741B316BE800343D58 /* TFPGCode.m in Sources */ = {isa = PBXBuildFile; fileRef = C9E59B731B316BE800343D58 /* TFPGCode.m */; };
		C9E59B771B316F0D00343D58 /* TFPExtras.m in Sources */ = {isa = PBXBuildFile; fileRef = C9E59B761B316F0D00343D58 /* TFPExtras.m */; };
		C9E59B7A1B31700B00343D58 /* TFPGCodeProgram.m in Sources */ = {isa = PBXBuildFile; fileRef = C9E59B791B31700B00343D58 /* TFPGCodeProgram.m */; };
		C9E59B901B31838000343D58 /* TFP3DVector.m in Sources */ = {isa = PBXBuildFile; fileRef = C9E59B8F1B31838000343D58 /* TFP3DVector.m */; };
		C9FD1C461B3831F800F98FF1 /* TFDataBuilder.m in Sources */ = {isa = PBXBuildFile; fileRef = C9FD1C451B3831F800F98FF1 /* TFDataBuilder.m */; };
		C9FD1C511B395E9600F98FF1 /* ORSSerialPort.m in Sources */ = {isa = PBXBuildFile; fileRef = C9FD1C4E1B395E9600F98FF1 /* ORSSerialPort.m */; };
		C9FD1C521B395E9600F98FF1 /* ORSSerialPortManager.m in Sources */ = {isa = PBXBuildFile; fileRef = C9FD1C501B395E9600F98FF1 /* ORSSerialPortManager.m */; };
		C9FD1C561B395EBE00F98FF1 /* ORSSerialRequest.m in Sources */ = {isa = PBXBuildFile; fileRef = C9FD1C551B395EBE00F98FF1 /* ORSSerialRequest.m */; };
		C9FD1C591B395FD000F98FF1 /* TFPPrinterManager.m in Sources */ = {isa = PBXBuildFile; fileRef = C9FD1C581B395FD000F98FF1 /* TFPPrinterManager.m */; };
		C9FD1C5D1B39602000F98FF1 /* MAKVONotificationCenter.m in Sources */ = {isa = PBXBuildFile; fileRef = C9FD1C5C1B39602000F98FF1 /* MAKVONotificationCenter.m */; };
		C9FD1C601B39618300F98FF1 /* TFPPrinter.m in Sources */ = {isa = PBXBuildFile; fileRef = C9FD1C5F1B39618300F98FF1 /* TFPPrinter.m */; };
/* End PBXBuildFile section */

/* Begin PBXCopyFilesBuildPhase section */
		C9CEF7D71B7E406C00D7A750 /* Copy Frameworks */ = {
			isa = PBXCopyFilesBuildPhase;
			buildActionMask = 2147483647;
			dstPath = "";
			dstSubfolderSpec = 10;
			files = (
				C9CEF7D81B7E408200D7A750 /* Sparkle.framework in Copy Frameworks */,
			);
			name = "Copy Frameworks";
			runOnlyForDeploymentPostprocessing = 0;
		};
		C9E59B661B316AF400343D58 /* CopyFiles */ = {
			isa = PBXCopyFilesBuildPhase;
			buildActionMask = 2147483647;
			dstPath = /usr/share/man/man1/;
			dstSubfolderSpec = 0;
			files = (
			);
			runOnlyForDeploymentPostprocessing = 1;
		};
/* End PBXCopyFilesBuildPhase section */

/* Begin PBXFileReference section */
		0F1AF3AF1B6DB17300E92E24 /* TFPZeroHeadViewController.h */ = {isa = PBXFileReference; fileEncoding = 4; lastKnownFileType = sourcecode.c.h; path = TFPZeroHeadViewController.h; sourceTree = "<group>"; };
		0F1AF3B01B6DB17300E92E24 /* TFPZeroHeadViewController.m */ = {isa = PBXFileReference; fileEncoding = 4; lastKnownFileType = sourcecode.c.objc; path = TFPZeroHeadViewController.m; sourceTree = "<group>"; };
		0F974CC71B6995FC00376C8B /* TFPZeroBedOperation.h */ = {isa = PBXFileReference; fileEncoding = 4; lastKnownFileType = sourcecode.c.h; path = TFPZeroBedOperation.h; sourceTree = "<group>"; };
		0F974CC81B6995FC00376C8B /* TFPZeroBedOperation.m */ = {isa = PBXFileReference; fileEncoding = 4; lastKnownFileType = sourcecode.c.objc; path = TFPZeroBedOperation.m; sourceTree = "<group>"; };
		0FF4B2321B6E6BCE006EE30B /* TFPCalibrationViewController.h */ = {isa = PBXFileReference; fileEncoding = 4; lastKnownFileType = sourcecode.c.h; path = TFPCalibrationViewController.h; sourceTree = "<group>"; };
		0FF4B2331B6E6BCE006EE30B /* TFPCalibrationViewController.m */ = {isa = PBXFileReference; fileEncoding = 4; lastKnownFileType = sourcecode.c.objc; path = TFPCalibrationViewController.m; sourceTree = "<group>"; };
		C90072AC1B3BF6660097594F /* TFPPrintJob.h */ = {isa = PBXFileReference; fileEncoding = 4; lastKnownFileType = sourcecode.c.h; path = TFPPrintJob.h; sourceTree = "<group>"; };
		C90072AD1B3BF6660097594F /* TFPPrintJob.m */ = {isa = PBXFileReference; fileEncoding = 4; lastKnownFileType = sourcecode.c.objc; path = TFPPrintJob.m; sourceTree = "<group>"; };
		C90072AF1B3C51F20097594F /* TFStringScanner.h */ = {isa = PBXFileReference; fileEncoding = 4; lastKnownFileType = sourcecode.c.h; path = TFStringScanner.h; sourceTree = "<group>"; };
		C90072B01B3C51F20097594F /* TFStringScanner.m */ = {isa = PBXFileReference; fileEncoding = 4; lastKnownFileType = sourcecode.c.objc; path = TFStringScanner.m; sourceTree = "<group>"; };
		C92B59DD1B40205F00F38FA7 /* TFPCLIController.h */ = {isa = PBXFileReference; fileEncoding = 4; lastKnownFileType = sourcecode.c.h; path = TFPCLIController.h; sourceTree = "<group>"; };
		C92B59DE1B40205F00F38FA7 /* TFPCLIController.m */ = {isa = PBXFileReference; fileEncoding = 4; lastKnownFileType = sourcecode.c.objc; path = TFPCLIController.m; sourceTree = "<group>"; };
		C92B59E01B40252900F38FA7 /* TFPExtrusionOperation.h */ = {isa = PBXFileReference; fileEncoding = 4; lastKnownFileType = sourcecode.c.h; path = TFPExtrusionOperation.h; sourceTree = "<group>"; };
		C92B59E11B40252900F38FA7 /* TFPExtrusionOperation.m */ = {isa = PBXFileReference; fileEncoding = 4; lastKnownFileType = sourcecode.c.objc; path = TFPExtrusionOperation.m; sourceTree = "<group>"; };
		C92B59E31B40272600F38FA7 /* TFPRaiseHeadOperation.h */ = {isa = PBXFileReference; fileEncoding = 4; lastKnownFileType = sourcecode.c.h; path = TFPRaiseHeadOperation.h; sourceTree = "<group>"; };
		C92B59E41B40272600F38FA7 /* TFPRaiseHeadOperation.m */ = {isa = PBXFileReference; fileEncoding = 4; lastKnownFileType = sourcecode.c.objc; path = TFPRaiseHeadOperation.m; sourceTree = "<group>"; };
		C931657C1B86027100169A88 /* TFPBedLevelCompensator.h */ = {isa = PBXFileReference; fileEncoding = 4; lastKnownFileType = sourcecode.c.h; path = TFPBedLevelCompensator.h; sourceTree = "<group>"; };
		C931657D1B86027100169A88 /* TFPBedLevelCompensator.m */ = {isa = PBXFileReference; fileEncoding = 4; lastKnownFileType = sourcecode.c.objc; path = TFPBedLevelCompensator.m; sourceTree = "<group>"; };
		C94469511B68E3C2008820F4 /* TFPPrinterConnection.h */ = {isa = PBXFileReference; fileEncoding = 4; lastKnownFileType = sourcecode.c.h; path = TFPPrinterConnection.h; sourceTree = "<group>"; };
		C94469521B68E3C2008820F4 /* TFPPrinterConnection.m */ = {isa = PBXFileReference; fileEncoding = 4; lastKnownFileType = sourcecode.c.objc; path = TFPPrinterConnection.m; sourceTree = "<group>"; };
		C94469551B6A7297008820F4 /* TFPConsoleViewController.h */ = {isa = PBXFileReference; fileEncoding = 4; lastKnownFileType = sourcecode.c.h; path = TFPConsoleViewController.h; sourceTree = "<group>"; };
		C94469561B6A7297008820F4 /* TFPConsoleViewController.m */ = {isa = PBXFileReference; fileEncoding = 4; lastKnownFileType = sourcecode.c.objc; path = TFPConsoleViewController.m; sourceTree = "<group>"; };
		C94469581B6A7669008820F4 /* TFPPrinterListCollectionView.h */ = {isa = PBXFileReference; fileEncoding = 4; lastKnownFileType = sourcecode.c.h; path = TFPPrinterListCollectionView.h; sourceTree = "<group>"; };
		C94469591B6A7669008820F4 /* TFPPrinterListCollectionView.m */ = {isa = PBXFileReference; fileEncoding = 4; lastKnownFileType = sourcecode.c.objc; path = TFPPrinterListCollectionView.m; sourceTree = "<group>"; };
		C94469611B6E6E4C008820F4 /* TFPPrinterHelpers.h */ = {isa = PBXFileReference; fileEncoding = 4; lastKnownFileType = sourcecode.c.h; path = TFPPrinterHelpers.h; sourceTree = "<group>"; };
		C94469621B6E6E4C008820F4 /* TFPPrinterHelpers.m */ = {isa = PBXFileReference; fileEncoding = 4; lastKnownFileType = sourcecode.c.objc; path = TFPPrinterHelpers.m; sourceTree = "<group>"; };
		C94469A61B769E49008820F4 /* TFPVisualPrintProgressView.h */ = {isa = PBXFileReference; fileEncoding = 4; lastKnownFileType = sourcecode.c.h; path = TFPVisualPrintProgressView.h; sourceTree = "<group>"; };
		C94469A71B769E49008820F4 /* TFPVisualPrintProgressView.m */ = {isa = PBXFileReference; fileEncoding = 4; lastKnownFileType = sourcecode.c.objc; path = TFPVisualPrintProgressView.m; sourceTree = "<group>"; };
		C94469A91B77DED4008820F4 /* TFAsyncOperationCoalescer.h */ = {isa = PBXFileReference; fileEncoding = 4; lastKnownFileType = sourcecode.c.h; path = TFAsyncOperationCoalescer.h; sourceTree = "<group>"; };
		C94469AA1B77DED4008820F4 /* TFAsyncOperationCoalescer.m */ = {isa = PBXFileReference; fileEncoding = 4; lastKnownFileType = sourcecode.c.objc; path = TFAsyncOperationCoalescer.m; sourceTree = "<group>"; };
		C94469AE1B79382F008820F4 /* TFPStopwatch.h */ = {isa = PBXFileReference; fileEncoding = 4; lastKnownFileType = sourcecode.c.h; path = TFPStopwatch.h; sourceTree = "<group>"; };
		C94469AF1B79382F008820F4 /* TFPStopwatch.m */ = {isa = PBXFileReference; fileEncoding = 4; lastKnownFileType = sourcecode.c.objc; path = TFPStopwatch.m; sourceTree = "<group>"; };
		C94F60141B3815290074EC41 /* TFPPrintParameters.h */ = {isa = PBXFileReference; fileEncoding = 4; lastKnownFileType = sourcecode.c.h; path = TFPPrintParameters.h; sourceTree = "<group>"; };
		C94F60151B3815290074EC41 /* TFPPrintParameters.m */ = {isa = PBXFileReference; fileEncoding = 4; lastKnownFileType = sourcecode.c.objc; path = TFPPrintParameters.m; sourceTree = "<group>"; };
		C95F109C1B53E3E200F396B6 /* MicroPrint.app */ = {isa = PBXFileReference; explicitFileType = wrapper.application; includeInIndex = 0; path = MicroPrint.app; sourceTree = BUILT_PRODUCTS_DIR; };
		C95F109F1B53E3E200F396B6 /* Info.plist */ = {isa = PBXFileReference; lastKnownFileType = text.plist.xml; path = Info.plist; sourceTree = "<group>"; };
		C95F10A01B53E3E200F396B6 /* TFPApplicationDelegate.h */ = {isa = PBXFileReference; lastKnownFileType = sourcecode.c.h; path = TFPApplicationDelegate.h; sourceTree = "<group>"; };
		C95F10A11B53E3E200F396B6 /* TFPApplicationDelegate.m */ = {isa = PBXFileReference; lastKnownFileType = sourcecode.c.objc; path = TFPApplicationDelegate.m; sourceTree = "<group>"; };
		C95F10A31B53E3E200F396B6 /* main.m */ = {isa = PBXFileReference; lastKnownFileType = sourcecode.c.objc; path = main.m; sourceTree = "<group>"; };
		C95F10A51B53E3E200F396B6 /* TFPPrinterListViewController.h */ = {isa = PBXFileReference; lastKnownFileType = sourcecode.c.h; path = TFPPrinterListViewController.h; sourceTree = "<group>"; };
		C95F10A61B53E3E200F396B6 /* TFPPrinterListViewController.m */ = {isa = PBXFileReference; lastKnownFileType = sourcecode.c.objc; path = TFPPrinterListViewController.m; sourceTree = "<group>"; };
		C95F10A81B53E3E200F396B6 /* Images.xcassets */ = {isa = PBXFileReference; lastKnownFileType = folder.assetcatalog; path = Images.xcassets; sourceTree = "<group>"; };
		C95F10AB1B53E3E200F396B6 /* Base */ = {isa = PBXFileReference; lastKnownFileType = file.storyboard; name = Base; path = Base.lproj/Main.storyboard; sourceTree = "<group>"; };
		C95F11011B54004100F396B6 /* TFPGCodeDocument.h */ = {isa = PBXFileReference; fileEncoding = 4; lastKnownFileType = sourcecode.c.h; path = TFPGCodeDocument.h; sourceTree = "<group>"; };
		C95F11021B54004100F396B6 /* TFPGCodeDocument.m */ = {isa = PBXFileReference; fileEncoding = 4; lastKnownFileType = sourcecode.c.objc; path = TFPGCodeDocument.m; sourceTree = "<group>"; };
		C95F11041B5403FA00F396B6 /* TFPPrintSettingsViewController.h */ = {isa = PBXFileReference; fileEncoding = 4; lastKnownFileType = sourcecode.c.h; path = TFPPrintSettingsViewController.h; sourceTree = "<group>"; };
		C95F11051B5403FA00F396B6 /* TFPPrintSettingsViewController.m */ = {isa = PBXFileReference; fileEncoding = 4; lastKnownFileType = sourcecode.c.objc; path = TFPPrintSettingsViewController.m; sourceTree = "<group>"; };
		C95F11171B55183100F396B6 /* TFPPrintingProgressViewController.h */ = {isa = PBXFileReference; fileEncoding = 4; lastKnownFileType = sourcecode.c.h; path = TFPPrintingProgressViewController.h; sourceTree = "<group>"; };
		C95F11181B55183100F396B6 /* TFPPrintingProgressViewController.m */ = {isa = PBXFileReference; fileEncoding = 4; lastKnownFileType = sourcecode.c.objc; path = TFPPrintingProgressViewController.m; sourceTree = "<group>"; };
		C95F111A1B552AEE00F396B6 /* TFPUIExtras.h */ = {isa = PBXFileReference; fileEncoding = 4; lastKnownFileType = sourcecode.c.h; path = TFPUIExtras.h; sourceTree = "<group>"; };
		C95F111B1B552AEE00F396B6 /* TFPUIExtras.m */ = {isa = PBXFileReference; fileEncoding = 4; lastKnownFileType = sourcecode.c.objc; path = TFPUIExtras.m; sourceTree = "<group>"; };
		C95F111D1B5536D200F396B6 /* TFPPrinterCollectionViewItem.h */ = {isa = PBXFileReference; fileEncoding = 4; lastKnownFileType = sourcecode.c.h; path = TFPPrinterCollectionViewItem.h; sourceTree = "<group>"; };
		C95F111E1B5536D200F396B6 /* TFPPrinterCollectionViewItem.m */ = {isa = PBXFileReference; fileEncoding = 4; lastKnownFileType = sourcecode.c.objc; path = TFPPrinterCollectionViewItem.m; sourceTree = "<group>"; };
		C95F11201B55443500F396B6 /* TFPPrinterOperationsViewController.h */ = {isa = PBXFileReference; fileEncoding = 4; lastKnownFileType = sourcecode.c.h; path = TFPPrinterOperationsViewController.h; sourceTree = "<group>"; };
		C95F11211B55443500F396B6 /* TFPPrinterOperationsViewController.m */ = {isa = PBXFileReference; fileEncoding = 4; lastKnownFileType = sourcecode.c.objc; path = TFPPrinterOperationsViewController.m; sourceTree = "<group>"; };
		C96776DC1B565A2B00D2D6CB /* TFPPrintStatusController.h */ = {isa = PBXFileReference; fileEncoding = 4; lastKnownFileType = sourcecode.c.h; path = TFPPrintStatusController.h; sourceTree = "<group>"; };
		C96776DD1B565A2B00D2D6CB /* TFPPrintStatusController.m */ = {isa = PBXFileReference; fileEncoding = 4; lastKnownFileType = sourcecode.c.objc; path = TFPPrintStatusController.m; sourceTree = "<group>"; };
		C96776DF1B565BC600D2D6CB /* TFTimer.m */ = {isa = PBXFileReference; fileEncoding = 4; lastKnownFileType = sourcecode.c.objc; path = TFTimer.m; sourceTree = "<group>"; };
		C96776E01B565BC600D2D6CB /* TFTimer.h */ = {isa = PBXFileReference; fileEncoding = 4; lastKnownFileType = sourcecode.c.h; path = TFTimer.h; sourceTree = "<group>"; };
		C9901DCB1B9475CE00724F1A /* TFPApplicationDebug.h */ = {isa = PBXFileReference; fileEncoding = 4; lastKnownFileType = sourcecode.c.h; name = TFPApplicationDebug.h; path = ../microprint/TFPApplicationDebug.h; sourceTree = "<group>"; };
		C9901DCC1B9475CE00724F1A /* TFPApplicationDebug.m */ = {isa = PBXFileReference; fileEncoding = 4; lastKnownFileType = sourcecode.c.objc; name = TFPApplicationDebug.m; path = ../microprint/TFPApplicationDebug.m; sourceTree = "<group>"; };
		C991C31B1B4DA676005846B9 /* TFPGCodeConsoleOperation.h */ = {isa = PBXFileReference; fileEncoding = 4; lastKnownFileType = sourcecode.c.h; path = TFPGCodeConsoleOperation.h; sourceTree = "<group>"; };
		C991C31C1B4DA676005846B9 /* TFPGCodeConsoleOperation.m */ = {isa = PBXFileReference; fileEncoding = 4; lastKnownFileType = sourcecode.c.objc; path = TFPGCodeConsoleOperation.m; sourceTree = "<group>"; };
		C99942C71B8B565500627E99 /* TFPDryRunPrinterConnection.h */ = {isa = PBXFileReference; fileEncoding = 4; lastKnownFileType = sourcecode.c.h; path = TFPDryRunPrinterConnection.h; sourceTree = "<group>"; };
		C99942C81B8B565500627E99 /* TFPDryRunPrinterConnection.m */ = {isa = PBXFileReference; fileEncoding = 4; lastKnownFileType = sourcecode.c.objc; path = TFPDryRunPrinterConnection.m; sourceTree = "<group>"; };
		C99E87161B3AA56D0099E79E /* GBCli.h */ = {isa = PBXFileReference; fileEncoding = 4; lastKnownFileType = sourcecode.c.h; path = GBCli.h; sourceTree = "<group>"; };
		C99E87171B3AA56D0099E79E /* GBCommandLineParser.h */ = {isa = PBXFileReference; fileEncoding = 4; lastKnownFileType = sourcecode.c.h; path = GBCommandLineParser.h; sourceTree = "<group>"; };
		C99E87181B3AA56D0099E79E /* GBCommandLineParser.m */ = {isa = PBXFileReference; fileEncoding = 4; lastKnownFileType = sourcecode.c.objc; path = GBCommandLineParser.m; sourceTree = "<group>"; };
		C99E87191B3AA56D0099E79E /* GBOptionsHelper.h */ = {isa = PBXFileReference; fileEncoding = 4; lastKnownFileType = sourcecode.c.h; path = GBOptionsHelper.h; sourceTree = "<group>"; };
		C99E871A1B3AA56D0099E79E /* GBOptionsHelper.m */ = {isa = PBXFileReference; fileEncoding = 4; lastKnownFileType = sourcecode.c.objc; path = GBOptionsHelper.m; sourceTree = "<group>"; };
		C99E871B1B3AA56D0099E79E /* GBPrint.h */ = {isa = PBXFileReference; fileEncoding = 4; lastKnownFileType = sourcecode.c.h; path = GBPrint.h; sourceTree = "<group>"; };
		C99E871C1B3AA56D0099E79E /* GBPrint.m */ = {isa = PBXFileReference; fileEncoding = 4; lastKnownFileType = sourcecode.c.objc; path = GBPrint.m; sourceTree = "<group>"; };
		C99E871D1B3AA56D0099E79E /* GBSettings.h */ = {isa = PBXFileReference; fileEncoding = 4; lastKnownFileType = sourcecode.c.h; path = GBSettings.h; sourceTree = "<group>"; };
		C99E871E1B3AA56D0099E79E /* GBSettings.m */ = {isa = PBXFileReference; fileEncoding = 4; lastKnownFileType = sourcecode.c.objc; path = GBSettings.m; sourceTree = "<group>"; };
		C99E87231B3AB4CD0099E79E /* TFPDryRunPrinter.h */ = {isa = PBXFileReference; fileEncoding = 4; lastKnownFileType = sourcecode.c.h; path = TFPDryRunPrinter.h; sourceTree = "<group>"; };
		C99E87241B3AB4CD0099E79E /* TFPDryRunPrinter.m */ = {isa = PBXFileReference; fileEncoding = 4; lastKnownFileType = sourcecode.c.objc; path = TFPDryRunPrinter.m; sourceTree = "<group>"; };
		C9B940DD1B5E5DFB00E42864 /* MicroPrint.sdef */ = {isa = PBXFileReference; fileEncoding = 4; lastKnownFileType = text.xml; name = MicroPrint.sdef; path = microprint/MicroPrint.sdef; sourceTree = SOURCE_ROOT; };
		C9B940DF1B5E641D00E42864 /* TFPAppleScriptSupport.h */ = {isa = PBXFileReference; fileEncoding = 4; lastKnownFileType = sourcecode.c.h; path = TFPAppleScriptSupport.h; sourceTree = "<group>"; };
		C9B940E01B5E641D00E42864 /* TFPAppleScriptSupport.m */ = {isa = PBXFileReference; fileEncoding = 4; lastKnownFileType = sourcecode.c.objc; path = TFPAppleScriptSupport.m; sourceTree = "<group>"; };
		C9B940EA1B61008700E42864 /* libz.dylib */ = {isa = PBXFileReference; lastKnownFileType = "compiled.mach-o.dylib"; name = libz.dylib; path = usr/lib/libz.dylib; sourceTree = SDKROOT; };
		C9B940F01B61139B00E42864 /* TFPScriptManager.h */ = {isa = PBXFileReference; fileEncoding = 4; lastKnownFileType = sourcecode.c.h; path = TFPScriptManager.h; sourceTree = "<group>"; };
		C9B940F11B61139B00E42864 /* TFPScriptManager.m */ = {isa = PBXFileReference; fileEncoding = 4; lastKnownFileType = sourcecode.c.objc; path = TFPScriptManager.m; sourceTree = "<group>"; };
		C9C729DF1B516DA900277F1F /* TFPFilament.h */ = {isa = PBXFileReference; fileEncoding = 4; lastKnownFileType = sourcecode.c.h; path = TFPFilament.h; sourceTree = "<group>"; };
		C9C729E01B516DA900277F1F /* TFPFilament.m */ = {isa = PBXFileReference; fileEncoding = 4; lastKnownFileType = sourcecode.c.objc; path = TFPFilament.m; sourceTree = "<group>"; };
		C9C729E21B5177A700277F1F /* TFPOperation.h */ = {isa = PBXFileReference; fileEncoding = 4; lastKnownFileType = sourcecode.c.h; path = TFPOperation.h; sourceTree = "<group>"; };
		C9C729E31B5177A700277F1F /* TFPOperation.m */ = {isa = PBXFileReference; fileEncoding = 4; lastKnownFileType = sourcecode.c.objc; path = TFPOperation.m; sourceTree = "<group>"; };
		C9C729E51B51D08800277F1F /* TFPBedLevelCalibration.h */ = {isa = PBXFileReference; fileEncoding = 4; lastKnownFileType = sourcecode.c.h; path = TFPBedLevelCalibration.h; sourceTree = "<group>"; };
		C9C729E61B51D08800277F1F /* TFPBedLevelCalibration.m */ = {isa = PBXFileReference; fileEncoding = 4; lastKnownFileType = sourcecode.c.objc; path = TFPBedLevelCalibration.m; sourceTree = "<group>"; };
		C9C729EF1B53BEA900277F1F /* TFPGCodeHelpers.h */ = {isa = PBXFileReference; fileEncoding = 4; lastKnownFileType = sourcecode.c.h; path = TFPGCodeHelpers.h; sourceTree = "<group>"; };
		C9C729F01B53BEA900277F1F /* TFPGCodeHelpers.m */ = {isa = PBXFileReference; fileEncoding = 4; lastKnownFileType = sourcecode.c.objc; path = TFPGCodeHelpers.m; sourceTree = "<group>"; };
		C9C871A41B57B1270063FACB /* TFPPrinter+VirtualEEPROM.h */ = {isa = PBXFileReference; fileEncoding = 4; lastKnownFileType = sourcecode.c.h; path = "TFPPrinter+VirtualEEPROM.h"; sourceTree = "<group>"; };
		C9C871A51B57B1270063FACB /* TFPPrinter+VirtualEEPROM.m */ = {isa = PBXFileReference; fileEncoding = 4; lastKnownFileType = sourcecode.c.objc; path = "TFPPrinter+VirtualEEPROM.m"; sourceTree = "<group>"; };
		C9C871A81B58298D0063FACB /* TFPBedLevelSettingsViewController.h */ = {isa = PBXFileReference; fileEncoding = 4; lastKnownFileType = sourcecode.c.h; path = TFPBedLevelSettingsViewController.h; sourceTree = "<group>"; };
		C9C871A91B58298D0063FACB /* TFPBedLevelSettingsViewController.m */ = {isa = PBXFileReference; fileEncoding = 4; lastKnownFileType = sourcecode.c.objc; path = TFPBedLevelSettingsViewController.m; sourceTree = "<group>"; };
		C9C871AD1B582F340063FACB /* TFPBacklashSettingsViewController.h */ = {isa = PBXFileReference; fileEncoding = 4; lastKnownFileType = sourcecode.c.h; path = TFPBacklashSettingsViewController.h; sourceTree = "<group>"; };
		C9C871AE1B582F340063FACB /* TFPBacklashSettingsViewController.m */ = {isa = PBXFileReference; fileEncoding = 4; lastKnownFileType = sourcecode.c.objc; path = TFPBacklashSettingsViewController.m; sourceTree = "<group>"; };
		C9C871B91B5AD2070063FACB /* TFPBedLevelCalibrationViewController.h */ = {isa = PBXFileReference; fileEncoding = 4; lastKnownFileType = sourcecode.c.h; path = TFPBedLevelCalibrationViewController.h; sourceTree = "<group>"; };
		C9C871BA1B5AD2070063FACB /* TFPBedLevelCalibrationViewController.m */ = {isa = PBXFileReference; fileEncoding = 4; lastKnownFileType = sourcecode.c.objc; path = TFPBedLevelCalibrationViewController.m; sourceTree = "<group>"; };
		C9CEF7D51B7E404700D7A750 /* Sparkle.framework */ = {isa = PBXFileReference; lastKnownFileType = wrapper.framework; path = Sparkle.framework; sourceTree = "<group>"; };
		C9E59B681B316AF400343D58 /* microprint */ = {isa = PBXFileReference; explicitFileType = "compiled.mach-o.executable"; includeInIndex = 0; path = microprint; sourceTree = BUILT_PRODUCTS_DIR; };
		C9E59B6B1B316AF400343D58 /* main.m */ = {isa = PBXFileReference; lastKnownFileType = sourcecode.c.objc; path = main.m; sourceTree = "<group>"; };
		C9E59B721B316BE800343D58 /* TFPGCode.h */ = {isa = PBXFileReference; fileEncoding = 4; lastKnownFileType = sourcecode.c.h; path = TFPGCode.h; sourceTree = "<group>"; };
		C9E59B731B316BE800343D58 /* TFPGCode.m */ = {isa = PBXFileReference; fileEncoding = 4; lastKnownFileType = sourcecode.c.objc; path = TFPGCode.m; sourceTree = "<group>"; };
		C9E59B751B316F0D00343D58 /* TFPExtras.h */ = {isa = PBXFileReference; fileEncoding = 4; lastKnownFileType = sourcecode.c.h; path = TFPExtras.h; sourceTree = "<group>"; };
		C9E59B761B316F0D00343D58 /* TFPExtras.m */ = {isa = PBXFileReference; fileEncoding = 4; lastKnownFileType = sourcecode.c.objc; path = TFPExtras.m; sourceTree = "<group>"; };
		C9E59B781B31700B00343D58 /* TFPGCodeProgram.h */ = {isa = PBXFileReference; fileEncoding = 4; lastKnownFileType = sourcecode.c.h; path = TFPGCodeProgram.h; sourceTree = "<group>"; };
		C9E59B791B31700B00343D58 /* TFPGCodeProgram.m */ = {isa = PBXFileReference; fileEncoding = 4; lastKnownFileType = sourcecode.c.objc; path = TFPGCodeProgram.m; sourceTree = "<group>"; };
		C9E59B8E1B31838000343D58 /* TFP3DVector.h */ = {isa = PBXFileReference; fileEncoding = 4; lastKnownFileType = sourcecode.c.h; path = TFP3DVector.h; sourceTree = "<group>"; };
		C9E59B8F1B31838000343D58 /* TFP3DVector.m */ = {isa = PBXFileReference; fileEncoding = 4; lastKnownFileType = sourcecode.c.objc; path = TFP3DVector.m; sourceTree = "<group>"; };
		C9FD1C441B3831F800F98FF1 /* TFDataBuilder.h */ = {isa = PBXFileReference; fileEncoding = 4; lastKnownFileType = sourcecode.c.h; path = TFDataBuilder.h; sourceTree = "<group>"; };
		C9FD1C451B3831F800F98FF1 /* TFDataBuilder.m */ = {isa = PBXFileReference; fileEncoding = 4; lastKnownFileType = sourcecode.c.objc; path = TFDataBuilder.m; sourceTree = "<group>"; };
		C9FD1C4D1B395E9600F98FF1 /* ORSSerialPort.h */ = {isa = PBXFileReference; fileEncoding = 4; lastKnownFileType = sourcecode.c.h; path = ORSSerialPort.h; sourceTree = "<group>"; };
		C9FD1C4E1B395E9600F98FF1 /* ORSSerialPort.m */ = {isa = PBXFileReference; fileEncoding = 4; lastKnownFileType = sourcecode.c.objc; path = ORSSerialPort.m; sourceTree = "<group>"; };
		C9FD1C4F1B395E9600F98FF1 /* ORSSerialPortManager.h */ = {isa = PBXFileReference; fileEncoding = 4; lastKnownFileType = sourcecode.c.h; path = ORSSerialPortManager.h; sourceTree = "<group>"; };
		C9FD1C501B395E9600F98FF1 /* ORSSerialPortManager.m */ = {isa = PBXFileReference; fileEncoding = 4; lastKnownFileType = sourcecode.c.objc; path = ORSSerialPortManager.m; sourceTree = "<group>"; };
		C9FD1C541B395EBE00F98FF1 /* ORSSerialRequest.h */ = {isa = PBXFileReference; fileEncoding = 4; lastKnownFileType = sourcecode.c.h; path = ORSSerialRequest.h; sourceTree = "<group>"; };
		C9FD1C551B395EBE00F98FF1 /* ORSSerialRequest.m */ = {isa = PBXFileReference; fileEncoding = 4; lastKnownFileType = sourcecode.c.objc; path = ORSSerialRequest.m; sourceTree = "<group>"; };
		C9FD1C571B395FD000F98FF1 /* TFPPrinterManager.h */ = {isa = PBXFileReference; fileEncoding = 4; lastKnownFileType = sourcecode.c.h; path = TFPPrinterManager.h; sourceTree = "<group>"; };
		C9FD1C581B395FD000F98FF1 /* TFPPrinterManager.m */ = {isa = PBXFileReference; fileEncoding = 4; lastKnownFileType = sourcecode.c.objc; path = TFPPrinterManager.m; sourceTree = "<group>"; };
		C9FD1C5B1B39602000F98FF1 /* MAKVONotificationCenter.h */ = {isa = PBXFileReference; fileEncoding = 4; lastKnownFileType = sourcecode.c.h; path = MAKVONotificationCenter.h; sourceTree = "<group>"; };
		C9FD1C5C1B39602000F98FF1 /* MAKVONotificationCenter.m */ = {isa = PBXFileReference; fileEncoding = 4; lastKnownFileType = sourcecode.c.objc; path = MAKVONotificationCenter.m; sourceTree = "<group>"; };
		C9FD1C5E1B39618300F98FF1 /* TFPPrinter.h */ = {isa = PBXFileReference; fileEncoding = 4; lastKnownFileType = sourcecode.c.h; path = TFPPrinter.h; sourceTree = "<group>"; };
		C9FD1C5F1B39618300F98FF1 /* TFPPrinter.m */ = {isa = PBXFileReference; fileEncoding = 4; lastKnownFileType = sourcecode.c.objc; path = TFPPrinter.m; sourceTree = "<group>"; };
/* End PBXFileReference section */

/* Begin PBXFrameworksBuildPhase section */
		C95F10991B53E3E200F396B6 /* Frameworks */ = {
			isa = PBXFrameworksBuildPhase;
			buildActionMask = 2147483647;
			files = (
				C9B940EB1B61008700E42864 /* libz.dylib in Frameworks */,
				C9CEF7D61B7E404700D7A750 /* Sparkle.framework in Frameworks */,
			);
			runOnlyForDeploymentPostprocessing = 0;
		};
		C9E59B651B316AF400343D58 /* Frameworks */ = {
			isa = PBXFrameworksBuildPhase;
			buildActionMask = 2147483647;
			files = (
				C9B940EC1B61014600E42864 /* libz.dylib in Frameworks */,
			);
			runOnlyForDeploymentPostprocessing = 0;
		};
/* End PBXFrameworksBuildPhase section */

/* Begin PBXGroup section */
		C94469AD1B78189B008820F4 /* Printing */ = {
			isa = PBXGroup;
			children = (
				C95F11171B55183100F396B6 /* TFPPrintingProgressViewController.h */,
				C95F11181B55183100F396B6 /* TFPPrintingProgressViewController.m */,
				C94469A61B769E49008820F4 /* TFPVisualPrintProgressView.h */,
				C94469A71B769E49008820F4 /* TFPVisualPrintProgressView.m */,
			);
			name = Printing;
			sourceTree = "<group>";
		};
		C95F109D1B53E3E200F396B6 /* MicroPrint UI */ = {
			isa = PBXGroup;
			children = (
				C95F10A01B53E3E200F396B6 /* TFPApplicationDelegate.h */,
				C95F10A11B53E3E200F396B6 /* TFPApplicationDelegate.m */,
				C9901DCB1B9475CE00724F1A /* TFPApplicationDebug.h */,
				C9901DCC1B9475CE00724F1A /* TFPApplicationDebug.m */,
				C95F10A51B53E3E200F396B6 /* TFPPrinterListViewController.h */,
				C95F10A61B53E3E200F396B6 /* TFPPrinterListViewController.m */,
				C94469581B6A7669008820F4 /* TFPPrinterListCollectionView.h */,
				C94469591B6A7669008820F4 /* TFPPrinterListCollectionView.m */,
				C95F111D1B5536D200F396B6 /* TFPPrinterCollectionViewItem.h */,
				C95F111E1B5536D200F396B6 /* TFPPrinterCollectionViewItem.m */,
				C95F11201B55443500F396B6 /* TFPPrinterOperationsViewController.h */,
				C95F11211B55443500F396B6 /* TFPPrinterOperationsViewController.m */,
				C9C871AC1B582F200063FACB /* Calibration */,
				C96776E71B56939A00D2D6CB /* Document */,
				C94469551B6A7297008820F4 /* TFPConsoleViewController.h */,
				C94469561B6A7297008820F4 /* TFPConsoleViewController.m */,
				C9B940F01B61139B00E42864 /* TFPScriptManager.h */,
				C9B940F11B61139B00E42864 /* TFPScriptManager.m */,
				C9B940DF1B5E641D00E42864 /* TFPAppleScriptSupport.h */,
				C9B940E01B5E641D00E42864 /* TFPAppleScriptSupport.m */,
				C95F10A81B53E3E200F396B6 /* Images.xcassets */,
				C95F10AA1B53E3E200F396B6 /* Main.storyboard */,
				C9B940DD1B5E5DFB00E42864 /* MicroPrint.sdef */,
				C95F109E1B53E3E200F396B6 /* Supporting Files */,
				C95F111A1B552AEE00F396B6 /* TFPUIExtras.h */,
				C95F111B1B552AEE00F396B6 /* TFPUIExtras.m */,
			);
			path = "MicroPrint UI";
			sourceTree = "<group>";
		};
		C95F109E1B53E3E200F396B6 /* Supporting Files */ = {
			isa = PBXGroup;
			children = (
				C95F109F1B53E3E200F396B6 /* Info.plist */,
				C95F10A31B53E3E200F396B6 /* main.m */,
			);
			name = "Supporting Files";
			sourceTree = "<group>";
		};
		C96590DB1B3DAAFE009D028F /* Printer */ = {
			isa = PBXGroup;
			children = (
				C94469511B68E3C2008820F4 /* TFPPrinterConnection.h */,
				C94469521B68E3C2008820F4 /* TFPPrinterConnection.m */,
				C9FD1C5E1B39618300F98FF1 /* TFPPrinter.h */,
				C9FD1C5F1B39618300F98FF1 /* TFPPrinter.m */,
				C94469611B6E6E4C008820F4 /* TFPPrinterHelpers.h */,
				C94469621B6E6E4C008820F4 /* TFPPrinterHelpers.m */,
				C9C871A41B57B1270063FACB /* TFPPrinter+VirtualEEPROM.h */,
				C9C871A51B57B1270063FACB /* TFPPrinter+VirtualEEPROM.m */,
				C99E87231B3AB4CD0099E79E /* TFPDryRunPrinter.h */,
				C99E87241B3AB4CD0099E79E /* TFPDryRunPrinter.m */,
				C9FD1C571B395FD000F98FF1 /* TFPPrinterManager.h */,
				C9FD1C581B395FD000F98FF1 /* TFPPrinterManager.m */,
				C931657C1B86027100169A88 /* TFPBedLevelCompensator.h */,
				C931657D1B86027100169A88 /* TFPBedLevelCompensator.m */,
				C99942C71B8B565500627E99 /* TFPDryRunPrinterConnection.h */,
				C99942C81B8B565500627E99 /* TFPDryRunPrinterConnection.m */,
			);
			name = Printer;
			path = microprint;
			sourceTree = "<group>";
		};
		C96590DC1B3DAB29009D028F /* G-code */ = {
			isa = PBXGroup;
			children = (
				C9E59B781B31700B00343D58 /* TFPGCodeProgram.h */,
				C9E59B791B31700B00343D58 /* TFPGCodeProgram.m */,
				C9E59B721B316BE800343D58 /* TFPGCode.h */,
				C9E59B731B316BE800343D58 /* TFPGCode.m */,
				C9C729EF1B53BEA900277F1F /* TFPGCodeHelpers.h */,
				C9C729F01B53BEA900277F1F /* TFPGCodeHelpers.m */,
			);
			name = "G-code";
			path = microprint;
			sourceTree = "<group>";
		};
		C96590DD1B3DAB30009D028F /* Operations */ = {
			isa = PBXGroup;
			children = (
				C9C729E21B5177A700277F1F /* TFPOperation.h */,
				C9C729E31B5177A700277F1F /* TFPOperation.m */,
				C92B59E01B40252900F38FA7 /* TFPExtrusionOperation.h */,
				C92B59E11B40252900F38FA7 /* TFPExtrusionOperation.m */,
				C92B59E31B40272600F38FA7 /* TFPRaiseHeadOperation.h */,
				C92B59E41B40272600F38FA7 /* TFPRaiseHeadOperation.m */,
				C9C729E51B51D08800277F1F /* TFPBedLevelCalibration.h */,
				C9C729E61B51D08800277F1F /* TFPBedLevelCalibration.m */,
				0F974CC71B6995FC00376C8B /* TFPZeroBedOperation.h */,
				0F974CC81B6995FC00376C8B /* TFPZeroBedOperation.m */,
			);
			name = Operations;
			path = microprint;
			sourceTree = "<group>";
		};
		C96590DE1B3DAC56009D028F /* Other */ = {
			isa = PBXGroup;
			children = (
				C9E59B8E1B31838000343D58 /* TFP3DVector.h */,
				C9E59B8F1B31838000343D58 /* TFP3DVector.m */,
				C9E59B751B316F0D00343D58 /* TFPExtras.h */,
				C9E59B761B316F0D00343D58 /* TFPExtras.m */,
				C94469AE1B79382F008820F4 /* TFPStopwatch.h */,
				C94469AF1B79382F008820F4 /* TFPStopwatch.m */,
			);
			name = Other;
			path = microprint;
			sourceTree = "<group>";
		};
		C96776E71B56939A00D2D6CB /* Document */ = {
			isa = PBXGroup;
			children = (
				C95F11011B54004100F396B6 /* TFPGCodeDocument.h */,
				C95F11021B54004100F396B6 /* TFPGCodeDocument.m */,
				C95F11041B5403FA00F396B6 /* TFPPrintSettingsViewController.h */,
				C95F11051B5403FA00F396B6 /* TFPPrintSettingsViewController.m */,
				C94469AD1B78189B008820F4 /* Printing */,
			);
			name = Document;
			sourceTree = "<group>";
		};
		C99E87151B3AA56D0099E79E /* GBCli */ = {
			isa = PBXGroup;
			children = (
				C99E87161B3AA56D0099E79E /* GBCli.h */,
				C99E87171B3AA56D0099E79E /* GBCommandLineParser.h */,
				C99E87181B3AA56D0099E79E /* GBCommandLineParser.m */,
				C99E87191B3AA56D0099E79E /* GBOptionsHelper.h */,
				C99E871A1B3AA56D0099E79E /* GBOptionsHelper.m */,
				C99E871B1B3AA56D0099E79E /* GBPrint.h */,
				C99E871C1B3AA56D0099E79E /* GBPrint.m */,
				C99E871D1B3AA56D0099E79E /* GBSettings.h */,
				C99E871E1B3AA56D0099E79E /* GBSettings.m */,
			);
			name = GBCli;
			path = src;
			sourceTree = "<group>";
		};
		C9C871A31B56A1130063FACB /* Print Job */ = {
			isa = PBXGroup;
			children = (
				C90072AC1B3BF6660097594F /* TFPPrintJob.h */,
				C90072AD1B3BF6660097594F /* TFPPrintJob.m */,
				C94F60141B3815290074EC41 /* TFPPrintParameters.h */,
				C94F60151B3815290074EC41 /* TFPPrintParameters.m */,
				C9C729DF1B516DA900277F1F /* TFPFilament.h */,
				C9C729E01B516DA900277F1F /* TFPFilament.m */,
				C96776DC1B565A2B00D2D6CB /* TFPPrintStatusController.h */,
				C96776DD1B565A2B00D2D6CB /* TFPPrintStatusController.m */,
			);
			name = "Print Job";
			path = microprint;
			sourceTree = "<group>";
		};
		C9C871AC1B582F200063FACB /* Calibration */ = {
			isa = PBXGroup;
			children = (
				0FF4B2321B6E6BCE006EE30B /* TFPCalibrationViewController.h */,
				0FF4B2331B6E6BCE006EE30B /* TFPCalibrationViewController.m */,
				C9C871A81B58298D0063FACB /* TFPBedLevelSettingsViewController.h */,
				C9C871A91B58298D0063FACB /* TFPBedLevelSettingsViewController.m */,
				C9C871AD1B582F340063FACB /* TFPBacklashSettingsViewController.h */,
				C9C871AE1B582F340063FACB /* TFPBacklashSettingsViewController.m */,
				C9C871B91B5AD2070063FACB /* TFPBedLevelCalibrationViewController.h */,
				C9C871BA1B5AD2070063FACB /* TFPBedLevelCalibrationViewController.m */,
				0F1AF3AF1B6DB17300E92E24 /* TFPZeroHeadViewController.h */,
				0F1AF3B01B6DB17300E92E24 /* TFPZeroHeadViewController.m */,
			);
			name = Calibration;
			sourceTree = "<group>";
		};
		C9E59B5F1B316AF400343D58 = {
			isa = PBXGroup;
			children = (
				C96590DB1B3DAAFE009D028F /* Printer */,
				C9C871A31B56A1130063FACB /* Print Job */,
				C96590DD1B3DAB30009D028F /* Operations */,
				C96590DC1B3DAB29009D028F /* G-code */,
				C96590DE1B3DAC56009D028F /* Other */,
				C9FD1C5A1B39601900F98FF1 /* External */,
				C9E59B6A1B316AF400343D58 /* microprint CLI */,
				C95F109D1B53E3E200F396B6 /* MicroPrint UI */,
				C9E59B691B316AF400343D58 /* Products */,
			);
			sourceTree = "<group>";
		};
		C9E59B691B316AF400343D58 /* Products */ = {
			isa = PBXGroup;
			children = (
				C9E59B681B316AF400343D58 /* microprint */,
				C95F109C1B53E3E200F396B6 /* MicroPrint.app */,
			);
			name = Products;
			sourceTree = "<group>";
		};
		C9E59B6A1B316AF400343D58 /* microprint CLI */ = {
			isa = PBXGroup;
			children = (
				C9E59B6B1B316AF400343D58 /* main.m */,
				C92B59DD1B40205F00F38FA7 /* TFPCLIController.h */,
				C92B59DE1B40205F00F38FA7 /* TFPCLIController.m */,
				C991C31B1B4DA676005846B9 /* TFPGCodeConsoleOperation.h */,
				C991C31C1B4DA676005846B9 /* TFPGCodeConsoleOperation.m */,
				C99E87151B3AA56D0099E79E /* GBCli */,
			);
			name = "microprint CLI";
			path = microprint;
			sourceTree = "<group>";
		};
		C9FD1C531B395E9900F98FF1 /* ORSSerialPort */ = {
			isa = PBXGroup;
			children = (
				C9FD1C4D1B395E9600F98FF1 /* ORSSerialPort.h */,
				C9FD1C4E1B395E9600F98FF1 /* ORSSerialPort.m */,
				C9FD1C4F1B395E9600F98FF1 /* ORSSerialPortManager.h */,
				C9FD1C501B395E9600F98FF1 /* ORSSerialPortManager.m */,
				C9FD1C541B395EBE00F98FF1 /* ORSSerialRequest.h */,
				C9FD1C551B395EBE00F98FF1 /* ORSSerialRequest.m */,
			);
			name = ORSSerialPort;
			sourceTree = "<group>";
		};
		C9FD1C5A1B39601900F98FF1 /* External */ = {
			isa = PBXGroup;
			children = (
				C9CEF7D51B7E404700D7A750 /* Sparkle.framework */,
				C9B940EA1B61008700E42864 /* libz.dylib */,
				C96776E01B565BC600D2D6CB /* TFTimer.h */,
				C96776DF1B565BC600D2D6CB /* TFTimer.m */,
				C9FD1C441B3831F800F98FF1 /* TFDataBuilder.h */,
				C9FD1C451B3831F800F98FF1 /* TFDataBuilder.m */,
				C90072AF1B3C51F20097594F /* TFStringScanner.h */,
				C90072B01B3C51F20097594F /* TFStringScanner.m */,
				C9FD1C531B395E9900F98FF1 /* ORSSerialPort */,
				C9FD1C5B1B39602000F98FF1 /* MAKVONotificationCenter.h */,
				C9FD1C5C1B39602000F98FF1 /* MAKVONotificationCenter.m */,
				C94469A91B77DED4008820F4 /* TFAsyncOperationCoalescer.h */,
				C94469AA1B77DED4008820F4 /* TFAsyncOperationCoalescer.m */,
			);
			name = External;
			path = microprint;
			sourceTree = "<group>";
		};
/* End PBXGroup section */

/* Begin PBXNativeTarget section */
		C95F109B1B53E3E200F396B6 /* MicroPrint UI */ = {
			isa = PBXNativeTarget;
			buildConfigurationList = C95F10BD1B53E3E300F396B6 /* Build configuration list for PBXNativeTarget "MicroPrint UI" */;
			buildPhases = (
				C95F10981B53E3E200F396B6 /* Sources */,
				C95F10991B53E3E200F396B6 /* Frameworks */,
				C95F109A1B53E3E200F396B6 /* Resources */,
				C9CEF7D71B7E406C00D7A750 /* Copy Frameworks */,
			);
			buildRules = (
			);
			dependencies = (
			);
			name = "MicroPrint UI";
			productName = "MicroPrint UI";
			productReference = C95F109C1B53E3E200F396B6 /* MicroPrint.app */;
			productType = "com.apple.product-type.application";
		};
		C9E59B671B316AF400343D58 /* microprint */ = {
			isa = PBXNativeTarget;
			buildConfigurationList = C9E59B6F1B316AF400343D58 /* Build configuration list for PBXNativeTarget "microprint" */;
			buildPhases = (
				C9E59B641B316AF400343D58 /* Sources */,
				C9E59B651B316AF400343D58 /* Frameworks */,
				C9E59B661B316AF400343D58 /* CopyFiles */,
			);
			buildRules = (
			);
			dependencies = (
			);
			name = microprint;
			productName = microprint;
			productReference = C9E59B681B316AF400343D58 /* microprint */;
			productType = "com.apple.product-type.tool";
		};
/* End PBXNativeTarget section */

/* Begin PBXProject section */
		C9E59B601B316AF400343D58 /* Project object */ = {
			isa = PBXProject;
			attributes = {
				LastUpgradeCheck = 0700;
				ORGANIZATIONNAME = "Tomas Franzén";
				TargetAttributes = {
					C95F109B1B53E3E200F396B6 = {
						CreatedOnToolsVersion = 6.4;
						DevelopmentTeam = 4R2KAE48H2;
					};
					C9E59B671B316AF400343D58 = {
						CreatedOnToolsVersion = 6.3.2;
					};
				};
			};
			buildConfigurationList = C9E59B631B316AF400343D58 /* Build configuration list for PBXProject "microprint" */;
			compatibilityVersion = "Xcode 3.2";
			developmentRegion = English;
			hasScannedForEncodings = 0;
			knownRegions = (
				en,
				Base,
			);
			mainGroup = C9E59B5F1B316AF400343D58;
			productRefGroup = C9E59B691B316AF400343D58 /* Products */;
			projectDirPath = "";
			projectRoot = "";
			targets = (
				C9E59B671B316AF400343D58 /* microprint */,
				C95F109B1B53E3E200F396B6 /* MicroPrint UI */,
			);
		};
/* End PBXProject section */

/* Begin PBXResourcesBuildPhase section */
		C95F109A1B53E3E200F396B6 /* Resources */ = {
			isa = PBXResourcesBuildPhase;
			buildActionMask = 2147483647;
			files = (
				C95F10A91B53E3E200F396B6 /* Images.xcassets in Resources */,
				C95F10AC1B53E3E200F396B6 /* Main.storyboard in Resources */,
				C9B940DE1B5E5DFB00E42864 /* MicroPrint.sdef in Resources */,
			);
			runOnlyForDeploymentPostprocessing = 0;
		};
/* End PBXResourcesBuildPhase section */

/* Begin PBXSourcesBuildPhase section */
		C95F10981B53E3E200F396B6 /* Sources */ = {
			isa = PBXSourcesBuildPhase;
			buildActionMask = 2147483647;
			files = (
				C95F11031B54004100F396B6 /* TFPGCodeDocument.m in Sources */,
				C96776E21B565BC600D2D6CB /* TFTimer.m in Sources */,
				C95F11061B5403FA00F396B6 /* TFPPrintSettingsViewController.m in Sources */,
				C95F10C81B53EBDE00F396B6 /* MAKVONotificationCenter.m in Sources */,
				C9C871BB1B5AD2070063FACB /* TFPBedLevelCalibrationViewController.m in Sources */,
				C95F10CD1B53EBEF00F396B6 /* TFPGCode.m in Sources */,
				C96776E31B5662D900D2D6CB /* TFPPrintStatusController.m in Sources */,
				C9901DCD1B9475CE00724F1A /* TFPApplicationDebug.m in Sources */,
				C9C871AB1B58298E0063FACB /* TFPBedLevelSettingsViewController.m in Sources */,
				0F974CCA1B6995FC00376C8B /* TFPZeroBedOperation.m in Sources */,
				C95F10CC1B53EBEF00F396B6 /* TFPGCodeProgram.m in Sources */,
				C94469AB1B77DED4008820F4 /* TFAsyncOperationCoalescer.m in Sources */,
				C95F111F1B5536D200F396B6 /* TFPPrinterCollectionViewItem.m in Sources */,
				C95F11101B54108400F396B6 /* TFPPrintJob.m in Sources */,
				C9C871A71B57B1270063FACB /* TFPPrinter+VirtualEEPROM.m in Sources */,
				C95F10C01B53EBC400F396B6 /* TFPPrinterManager.m in Sources */,
				C95F10A71B53E3E200F396B6 /* TFPPrinterListViewController.m in Sources */,
				C9C871B01B582F340063FACB /* TFPBacklashSettingsViewController.m in Sources */,
				C95F10C61B53EBDE00F396B6 /* TFDataBuilder.m in Sources */,
				C95F11131B54108400F396B6 /* TFPRaiseHeadOperation.m in Sources */,
				C95F10C31B53EBCB00F396B6 /* TFPFilament.m in Sources */,
				0FF4B2341B6E6BCE006EE30B /* TFPCalibrationViewController.m in Sources */,
				C95F11191B55183100F396B6 /* TFPPrintingProgressViewController.m in Sources */,
				C95F11121B54108400F396B6 /* TFPExtrusionOperation.m in Sources */,
				C94469B11B79382F008820F4 /* TFPStopwatch.m in Sources */,
				C944695A1B6A7669008820F4 /* TFPPrinterListCollectionView.m in Sources */,
				C94469A81B769E49008820F4 /* TFPVisualPrintProgressView.m in Sources */,
				C95F10BF1B53EBC100F396B6 /* TFPPrinter.m in Sources */,
				C9B940E11B5E641D00E42864 /* TFPAppleScriptSupport.m in Sources */,
				C9B940F21B61139B00E42864 /* TFPScriptManager.m in Sources */,
				C95F11221B55443500F396B6 /* TFPPrinterOperationsViewController.m in Sources */,
				C95F110F1B54108400F396B6 /* TFPOperation.m in Sources */,
				C95F10C11B53EBC600F396B6 /* TFPDryRunPrinter.m in Sources */,
				C95F11161B54108400F396B6 /* TFPBedLevelCalibration.m in Sources */,
				C94469541B68E3C2008820F4 /* TFPPrinterConnection.m in Sources */,
				C95F10C91B53EBE300F396B6 /* ORSSerialPort.m in Sources */,
				C931657F1B86027100169A88 /* TFPBedLevelCompensator.m in Sources */,
				C95F111C1B552AEE00F396B6 /* TFPUIExtras.m in Sources */,
				C94469571B6A7297008820F4 /* TFPConsoleViewController.m in Sources */,
				C95F10A41B53E3E200F396B6 /* main.m in Sources */,
				C95F10C21B53EBC900F396B6 /* TFPPrintParameters.m in Sources */,
				C95F10CB1B53EBE300F396B6 /* ORSSerialRequest.m in Sources */,
				C95F10A21B53E3E200F396B6 /* TFPApplicationDelegate.m in Sources */,
				C95F10C51B53EBD300F396B6 /* TFP3DVector.m in Sources */,
				C95F10CA1B53EBE300F396B6 /* ORSSerialPortManager.m in Sources */,
				0F1AF3B11B6DB17300E92E24 /* TFPZeroHeadViewController.m in Sources */,
				C99942CA1B8B565500627E99 /* TFPDryRunPrinterConnection.m in Sources */,
				C95F11141B54108400F396B6 /* TFPGCodeConsoleOperation.m in Sources */,
				C95F10C41B53EBD000F396B6 /* TFPExtras.m in Sources */,
				C95F10C71B53EBDE00F396B6 /* TFStringScanner.m in Sources */,
				C95F10CE1B53EBEF00F396B6 /* TFPGCodeHelpers.m in Sources */,
				C94469641B6E6E4C008820F4 /* TFPPrinterHelpers.m in Sources */,
			);
			runOnlyForDeploymentPostprocessing = 0;
		};
		C9E59B641B316AF400343D58 /* Sources */ = {
			isa = PBXSourcesBuildPhase;
			buildActionMask = 2147483647;
			files = (
				C90072AE1B3BF6660097594F /* TFPPrintJob.m in Sources */,
				C9E59B901B31838000343D58 /* TFP3DVector.m in Sources */,
				C9E59B741B316BE800343D58 /* TFPGCode.m in Sources */,
				C9FD1C5D1B39602000F98FF1 /* MAKVONotificationCenter.m in Sources */,
				C9C871A61B57B1270063FACB /* TFPPrinter+VirtualEEPROM.m in Sources */,
				C991C31D1B4DA676005846B9 /* TFPGCodeConsoleOperation.m in Sources */,
				C92B59E51B40272600F38FA7 /* TFPRaiseHeadOperation.m in Sources */,
				C9E59B6C1B316AF400343D58 /* main.m in Sources */,
				C9FD1C461B3831F800F98FF1 /* TFDataBuilder.m in Sources */,
				C94469631B6E6E4C008820F4 /* TFPPrinterHelpers.m in Sources */,
				C99E87201B3AA56D0099E79E /* GBOptionsHelper.m in Sources */,
				C90072B11B3C51F20097594F /* TFStringScanner.m in Sources */,
				C96776DE1B565A2B00D2D6CB /* TFPPrintStatusController.m in Sources */,
				C92B59E21B40252900F38FA7 /* TFPExtrusionOperation.m in Sources */,
				C9FD1C511B395E9600F98FF1 /* ORSSerialPort.m in Sources */,
				C9E59B771B316F0D00343D58 /* TFPExtras.m in Sources */,
				C9FD1C601B39618300F98FF1 /* TFPPrinter.m in Sources */,
				C99E87221B3AA56D0099E79E /* GBSettings.m in Sources */,
				C99942C91B8B565500627E99 /* TFPDryRunPrinterConnection.m in Sources */,
				C9C729E41B5177A700277F1F /* TFPOperation.m in Sources */,
				C9C729E71B51D08800277F1F /* TFPBedLevelCalibration.m in Sources */,
				C931657E1B86027100169A88 /* TFPBedLevelCompensator.m in Sources */,
				C9C729E11B516DA900277F1F /* TFPFilament.m in Sources */,
				C94469531B68E3C2008820F4 /* TFPPrinterConnection.m in Sources */,
				C9FD1C591B395FD000F98FF1 /* TFPPrinterManager.m in Sources */,
				0F0A2A3E1B6EC19D00628ED7 /* TFPZeroBedOperation.m in Sources */,
				C94469B01B79382F008820F4 /* TFPStopwatch.m in Sources */,
				C99E87251B3AB4CD0099E79E /* TFPDryRunPrinter.m in Sources */,
				C92B59DF1B40205F00F38FA7 /* TFPCLIController.m in Sources */,
				C99E871F1B3AA56D0099E79E /* GBCommandLineParser.m in Sources */,
				C9FD1C561B395EBE00F98FF1 /* ORSSerialRequest.m in Sources */,
				C99E87211B3AA56D0099E79E /* GBPrint.m in Sources */,
				C94469AC1B77DEDB008820F4 /* TFAsyncOperationCoalescer.m in Sources */,
				C94F60161B3815290074EC41 /* TFPPrintParameters.m in Sources */,
				C9FD1C521B395E9600F98FF1 /* ORSSerialPortManager.m in Sources */,
				C9E59B7A1B31700B00343D58 /* TFPGCodeProgram.m in Sources */,
				C9C729F11B53BEA900277F1F /* TFPGCodeHelpers.m in Sources */,
				C96776E11B565BC600D2D6CB /* TFTimer.m in Sources */,
			);
			runOnlyForDeploymentPostprocessing = 0;
		};
/* End PBXSourcesBuildPhase section */

/* Begin PBXVariantGroup section */
		C95F10AA1B53E3E200F396B6 /* Main.storyboard */ = {
			isa = PBXVariantGroup;
			children = (
				C95F10AB1B53E3E200F396B6 /* Base */,
			);
			name = Main.storyboard;
			sourceTree = "<group>";
		};
/* End PBXVariantGroup section */

/* Begin XCBuildConfiguration section */
		C95F10B91B53E3E300F396B6 /* Debug */ = {
			isa = XCBuildConfiguration;
			buildSettings = {
				ASSETCATALOG_COMPILER_APPICON_NAME = AppIcon;
				CODE_SIGN_IDENTITY = "Developer ID Application";
				COMBINE_HIDPI_IMAGES = YES;
				FRAMEWORK_SEARCH_PATHS = (
					"$(inherited)",
					"$(PROJECT_DIR)/microprint",
				);
				GCC_PREPROCESSOR_DEFINITIONS = (
					"DEBUG=1",
					"$(inherited)",
				);
				INFOPLIST_FILE = "MicroPrint UI/Info.plist";
				LD_RUNPATH_SEARCH_PATHS = "$(inherited) @executable_path/../Frameworks";
				MACOSX_DEPLOYMENT_TARGET = 10.10;
				OTHER_LDFLAGS = "-Wl,-rpath,@loader_path/../Frameworks";
				PRODUCT_BUNDLE_IDENTIFIER = se.tomasf.microprint;
				PRODUCT_NAME = MicroPrint;
			};
			name = Debug;
		};
		C95F10BA1B53E3E300F396B6 /* Release */ = {
			isa = XCBuildConfiguration;
			buildSettings = {
				ASSETCATALOG_COMPILER_APPICON_NAME = AppIcon;
				CODE_SIGN_IDENTITY = "Developer ID Application";
				COMBINE_HIDPI_IMAGES = YES;
				FRAMEWORK_SEARCH_PATHS = (
					"$(inherited)",
					"$(PROJECT_DIR)/microprint",
				);
				INFOPLIST_FILE = "MicroPrint UI/Info.plist";
				LD_RUNPATH_SEARCH_PATHS = "$(inherited) @executable_path/../Frameworks";
				MACOSX_DEPLOYMENT_TARGET = 10.10;
				OTHER_LDFLAGS = "-Wl,-rpath,@loader_path/../Frameworks";
				PRODUCT_BUNDLE_IDENTIFIER = se.tomasf.microprint;
				PRODUCT_NAME = MicroPrint;
			};
			name = Release;
		};
		C9E59B6D1B316AF400343D58 /* Debug */ = {
			isa = XCBuildConfiguration;
			buildSettings = {
				ALWAYS_SEARCH_USER_PATHS = NO;
				CLANG_CXX_LANGUAGE_STANDARD = "gnu++0x";
				CLANG_CXX_LIBRARY = "libc++";
				CLANG_ENABLE_MODULES = YES;
				CLANG_ENABLE_OBJC_ARC = YES;
				CLANG_WARN_BOOL_CONVERSION = YES;
				CLANG_WARN_CONSTANT_CONVERSION = YES;
				CLANG_WARN_DIRECT_OBJC_ISA_USAGE = YES_ERROR;
				CLANG_WARN_EMPTY_BODY = YES;
				CLANG_WARN_ENUM_CONVERSION = YES;
				CLANG_WARN_INT_CONVERSION = YES;
				CLANG_WARN_OBJC_ROOT_CLASS = YES_ERROR;
				CLANG_WARN_UNREACHABLE_CODE = YES;
				CLANG_WARN__DUPLICATE_METHOD_MATCH = YES;
				COPY_PHASE_STRIP = NO;
				DEBUG_INFORMATION_FORMAT = dwarf;
				ENABLE_STRICT_OBJC_MSGSEND = YES;
				ENABLE_TESTABILITY = YES;
				GCC_C_LANGUAGE_STANDARD = gnu99;
				GCC_DYNAMIC_NO_PIC = NO;
				GCC_NO_COMMON_BLOCKS = YES;
				GCC_OPTIMIZATION_LEVEL = 0;
				GCC_PREPROCESSOR_DEFINITIONS = (
					"DEBUG=1",
					"$(inherited)",
				);
				GCC_SYMBOLS_PRIVATE_EXTERN = NO;
				GCC_WARN_64_TO_32_BIT_CONVERSION = YES;
				GCC_WARN_ABOUT_RETURN_TYPE = YES_ERROR;
				GCC_WARN_UNDECLARED_SELECTOR = YES;
				GCC_WARN_UNINITIALIZED_AUTOS = YES_AGGRESSIVE;
				GCC_WARN_UNUSED_FUNCTION = YES;
				GCC_WARN_UNUSED_VARIABLE = YES;
				MACOSX_DEPLOYMENT_TARGET = 10.10;
				MTL_ENABLE_DEBUG_INFO = YES;
				ONLY_ACTIVE_ARCH = YES;
				SDKROOT = macosx;
			};
			name = Debug;
		};
		C9E59B6E1B316AF400343D58 /* Release */ = {
			isa = XCBuildConfiguration;
			buildSettings = {
				ALWAYS_SEARCH_USER_PATHS = NO;
				CLANG_CXX_LANGUAGE_STANDARD = "gnu++0x";
				CLANG_CXX_LIBRARY = "libc++";
				CLANG_ENABLE_MODULES = YES;
				CLANG_ENABLE_OBJC_ARC = YES;
				CLANG_WARN_BOOL_CONVERSION = YES;
				CLANG_WARN_CONSTANT_CONVERSION = YES;
				CLANG_WARN_DIRECT_OBJC_ISA_USAGE = YES_ERROR;
				CLANG_WARN_EMPTY_BODY = YES;
				CLANG_WARN_ENUM_CONVERSION = YES;
				CLANG_WARN_INT_CONVERSION = YES;
				CLANG_WARN_OBJC_ROOT_CLASS = YES_ERROR;
				CLANG_WARN_UNREACHABLE_CODE = YES;
				CLANG_WARN__DUPLICATE_METHOD_MATCH = YES;
				COPY_PHASE_STRIP = NO;
				DEBUG_INFORMATION_FORMAT = "dwarf-with-dsym";
				ENABLE_NS_ASSERTIONS = NO;
				ENABLE_STRICT_OBJC_MSGSEND = YES;
				GCC_C_LANGUAGE_STANDARD = gnu99;
				GCC_NO_COMMON_BLOCKS = YES;
				GCC_WARN_64_TO_32_BIT_CONVERSION = YES;
				GCC_WARN_ABOUT_RETURN_TYPE = YES_ERROR;
				GCC_WARN_UNDECLARED_SELECTOR = YES;
				GCC_WARN_UNINITIALIZED_AUTOS = YES_AGGRESSIVE;
				GCC_WARN_UNUSED_FUNCTION = YES;
				GCC_WARN_UNUSED_VARIABLE = YES;
				MACOSX_DEPLOYMENT_TARGET = 10.10;
				MTL_ENABLE_DEBUG_INFO = NO;
				SDKROOT = macosx;
			};
			name = Release;
		};
		C9E59B701B316AF400343D58 /* Debug */ = {
			isa = XCBuildConfiguration;
			buildSettings = {
				INSTALL_PATH = /;
				PRODUCT_NAME = microprint;
			};
			name = Debug;
		};
		C9E59B711B316AF400343D58 /* Release */ = {
			isa = XCBuildConfiguration;
			buildSettings = {
				INSTALL_PATH = /;
				PRODUCT_NAME = microprint;
			};
			name = Release;
		};
/* End XCBuildConfiguration section */

/* Begin XCConfigurationList section */
		C95F10BD1B53E3E300F396B6 /* Build configuration list for PBXNativeTarget "MicroPrint UI" */ = {
			isa = XCConfigurationList;
			buildConfigurations = (
				C95F10B91B53E3E300F396B6 /* Debug */,
				C95F10BA1B53E3E300F396B6 /* Release */,
			);
			defaultConfigurationIsVisible = 0;
			defaultConfigurationName = Release;
		};
		C9E59B631B316AF400343D58 /* Build configuration list for PBXProject "microprint" */ = {
			isa = XCConfigurationList;
			buildConfigurations = (
				C9E59B6D1B316AF400343D58 /* Debug */,
				C9E59B6E1B316AF400343D58 /* Release */,
			);
			defaultConfigurationIsVisible = 0;
			defaultConfigurationName = Release;
		};
		C9E59B6F1B316AF400343D58 /* Build configuration list for PBXNativeTarget "microprint" */ = {
			isa = XCConfigurationList;
			buildConfigurations = (
				C9E59B701B316AF400343D58 /* Debug */,
				C9E59B711B316AF400343D58 /* Release */,
			);
			defaultConfigurationIsVisible = 0;
			defaultConfigurationName = Release;
		};
/* End XCConfigurationList section */
	};
	rootObject = C9E59B601B316AF400343D58 /* Project object */;
}
